
Microsoft Visual Studio Solution File, Format Version 12.00
# Visual Studio Version 16
VisualStudioVersion = 16.0.31515.178
MinimumVisualStudioVersion = 10.0.40219.1
Project("{FAE04EC0-301F-11D3-BF4B-00C04F79EFBC}") = "JudgeSystem", "JudgeSystem\JudgeSystem.csproj", "{EFCDA5E4-4D91-45BC-8C85-6ED9E34B9E7A}"
EndProject
Global
	GlobalSection(SolutionConfigurationPlatforms) = preSolution
		Debug|Any CPU = Debug|Any CPU
		Release|Any CPU = Release|Any CPU
	EndGlobalSection
	GlobalSection(ProjectConfigurationPlatforms) = postSolution
		{EFCDA5E4-4D91-45BC-8C85-6ED9E34B9E7A}.Debug|Any CPU.ActiveCfg = Debug|Any CPU
		{EFCDA5E4-4D91-45BC-8C85-6ED9E34B9E7A}.Debug|Any CPU.Build.0 = Debug|Any CPU
		{EFCDA5E4-4D91-45BC-8C85-6ED9E34B9E7A}.Release|Any CPU.ActiveCfg = Release|Any CPU
		{EFCDA5E4-4D91-45BC-8C85-6ED9E34B9E7A}.Release|Any CPU.Build.0 = Release|Any CPU
	EndGlobalSection
	GlobalSection(SolutionProperties) = preSolution
		HideSolutionNode = FALSE
	EndGlobalSection
	GlobalSection(ExtensibilityGlobals) = postSolution
		SolutionGuid = {9BEBFFD5-AEF1-4867-A7C4-7DC360AAF5C9}
	EndGlobalSection
EndGlobal
